
Microsoft Visual Studio Solution File, Format Version 12.00
# Visual Studio Version 17
VisualStudioVersion = 17.2.32630.192
MinimumVisualStudioVersion = 10.0.40219.1
Project("{FAE04EC0-301F-11D3-BF4B-00C04F79EFBC}") = "YilanOyunu", "YilanOyunu\YilanOyunu.csproj", "{10D13DD9-D137-4997-A028-033C513AE20E}"
EndProject
Global
	GlobalSection(SolutionConfigurationPlatforms) = preSolution
		Debug|Any CPU = Debug|Any CPU
		Release|Any CPU = Release|Any CPU
	EndGlobalSection
	GlobalSection(ProjectConfigurationPlatforms) = postSolution
		{10D13DD9-D137-4997-A028-033C513AE20E}.Debug|Any CPU.ActiveCfg = Debug|Any CPU
		{10D13DD9-D137-4997-A028-033C513AE20E}.Debug|Any CPU.Build.0 = Debug|Any CPU
		{10D13DD9-D137-4997-A028-033C513AE20E}.Release|Any CPU.ActiveCfg = Release|Any CPU
		{10D13DD9-D137-4997-A028-033C513AE20E}.Release|Any CPU.Build.0 = Release|Any CPU
	EndGlobalSection
	GlobalSection(SolutionProperties) = preSolution
		HideSolutionNode = FALSE
	EndGlobalSection
	GlobalSection(ExtensibilityGlobals) = postSolution
		SolutionGuid = {21A8A8D5-81B8-46E8-AFC0-FA737A7A3147}
	EndGlobalSection
EndGlobal
